// !$*UTF8*$!
{
	archiveVersion = 1;
	classes = {
	};
	objectVersion = 46;
	objects = {

/* Begin PBXBuildFile section */
		6525422D1C132FD000F80AA1 /* AppDelegate.swift in Sources */ = {isa = PBXBuildFile; fileRef = 6525422C1C132FD000F80AA1 /* AppDelegate.swift */; };
		6525422F1C132FD000F80AA1 /* ViewController.swift in Sources */ = {isa = PBXBuildFile; fileRef = 6525422E1C132FD000F80AA1 /* ViewController.swift */; };
		652542321C132FD000F80AA1 /* Main.storyboard in Resources */ = {isa = PBXBuildFile; fileRef = 652542301C132FD000F80AA1 /* Main.storyboard */; };
		652542341C132FD000F80AA1 /* Assets.xcassets in Resources */ = {isa = PBXBuildFile; fileRef = 652542331C132FD000F80AA1 /* Assets.xcassets */; };
		652542371C132FD000F80AA1 /* LaunchScreen.storyboard in Resources */ = {isa = PBXBuildFile; fileRef = 652542351C132FD000F80AA1 /* LaunchScreen.storyboard */; };
		6525423F1C132FFC00F80AA1 /* MapKit.framework in Frameworks */ = {isa = PBXBuildFile; fileRef = 6525423E1C132FFC00F80AA1 /* MapKit.framework */; };
		65997B871C1B0E1E0011AC2B /* JSON.swift in Sources */ = {isa = PBXBuildFile; fileRef = 65997B861C1B0E1E0011AC2B /* JSON.swift */; };
		65997B891C1B0E9B0011AC2B /* PublicArt.json in Resources */ = {isa = PBXBuildFile; fileRef = 65997B881C1B0E9B0011AC2B /* PublicArt.json */; };
		65997B8B1C1C06700011AC2B /* MapTableViewController.swift in Sources */ = {isa = PBXBuildFile; fileRef = 65997B8A1C1C06700011AC2B /* MapTableViewController.swift */; };
		65997B8F1C1C06D40011AC2B /* MapTableViewCell.swift in Sources */ = {isa = PBXBuildFile; fileRef = 65997B8E1C1C06D40011AC2B /* MapTableViewCell.swift */; };
		65997B911C1C06EF0011AC2B /* NormalTableViewCell.swift in Sources */ = {isa = PBXBuildFile; fileRef = 65997B901C1C06EF0011AC2B /* NormalTableViewCell.swift */; };
		65997B941C1C08250011AC2B /* FMKMapViewDelegateProtocol.swift in Sources */ = {isa = PBXBuildFile; fileRef = 65997B931C1C08250011AC2B /* FMKMapViewDelegateProtocol.swift */; };
		65997B961C1C09770011AC2B /* FMKMapViewControllerProtocol.swift in Sources */ = {isa = PBXBuildFile; fileRef = 65997B951C1C09770011AC2B /* FMKMapViewControllerProtocol.swift */; };
		65997B991C1C17180011AC2B /* MapHeaderTableViewController.swift in Sources */ = {isa = PBXBuildFile; fileRef = 65997B981C1C17180011AC2B /* MapHeaderTableViewController.swift */; };
		F93799C4FED18861A2ACA6BC /* ArtWork.swift in Sources */ = {isa = PBXBuildFile; fileRef = F937936665AA486018856A84 /* ArtWork.swift */; };
/* End PBXBuildFile section */

/* Begin PBXFileReference section */
		652542291C132FD000F80AA1 /* learnMapKit.app */ = {isa = PBXFileReference; explicitFileType = wrapper.application; includeInIndex = 0; path = learnMapKit.app; sourceTree = BUILT_PRODUCTS_DIR; };
		6525422C1C132FD000F80AA1 /* AppDelegate.swift */ = {isa = PBXFileReference; lastKnownFileType = sourcecode.swift; path = AppDelegate.swift; sourceTree = "<group>"; };
		6525422E1C132FD000F80AA1 /* ViewController.swift */ = {isa = PBXFileReference; lastKnownFileType = sourcecode.swift; path = ViewController.swift; sourceTree = "<group>"; };
		652542311C132FD000F80AA1 /* Base */ = {isa = PBXFileReference; lastKnownFileType = file.storyboard; name = Base; path = Base.lproj/Main.storyboard; sourceTree = "<group>"; };
		652542331C132FD000F80AA1 /* Assets.xcassets */ = {isa = PBXFileReference; lastKnownFileType = folder.assetcatalog; path = Assets.xcassets; sourceTree = "<group>"; };
		652542361C132FD000F80AA1 /* Base */ = {isa = PBXFileReference; lastKnownFileType = file.storyboard; name = Base; path = Base.lproj/LaunchScreen.storyboard; sourceTree = "<group>"; };
		652542381C132FD000F80AA1 /* Info.plist */ = {isa = PBXFileReference; lastKnownFileType = text.plist.xml; path = Info.plist; sourceTree = "<group>"; };
		6525423E1C132FFC00F80AA1 /* MapKit.framework */ = {isa = PBXFileReference; lastKnownFileType = wrapper.framework; name = MapKit.framework; path = System/Library/Frameworks/MapKit.framework; sourceTree = SDKROOT; };
		65997B861C1B0E1E0011AC2B /* JSON.swift */ = {isa = PBXFileReference; fileEncoding = 4; lastKnownFileType = sourcecode.swift; path = JSON.swift; sourceTree = "<group>"; };
		65997B881C1B0E9B0011AC2B /* PublicArt.json */ = {isa = PBXFileReference; lastKnownFileType = text.json; name = PublicArt.json; path = learnMapKit/PublicArt.json; sourceTree = "<group>"; };
		65997B8A1C1C06700011AC2B /* MapTableViewController.swift */ = {isa = PBXFileReference; fileEncoding = 4; lastKnownFileType = sourcecode.swift; path = MapTableViewController.swift; sourceTree = "<group>"; };
		65997B8E1C1C06D40011AC2B /* MapTableViewCell.swift */ = {isa = PBXFileReference; fileEncoding = 4; lastKnownFileType = sourcecode.swift; path = MapTableViewCell.swift; sourceTree = "<group>"; };
		65997B901C1C06EF0011AC2B /* NormalTableViewCell.swift */ = {isa = PBXFileReference; fileEncoding = 4; lastKnownFileType = sourcecode.swift; path = NormalTableViewCell.swift; sourceTree = "<group>"; };
		65997B931C1C08250011AC2B /* FMKMapViewDelegateProtocol.swift */ = {isa = PBXFileReference; fileEncoding = 4; lastKnownFileType = sourcecode.swift; path = FMKMapViewDelegateProtocol.swift; sourceTree = "<group>"; };
		65997B951C1C09770011AC2B /* FMKMapViewControllerProtocol.swift */ = {isa = PBXFileReference; fileEncoding = 4; lastKnownFileType = sourcecode.swift; path = FMKMapViewControllerProtocol.swift; sourceTree = "<group>"; };
		65997B981C1C17180011AC2B /* MapHeaderTableViewController.swift */ = {isa = PBXFileReference; fileEncoding = 4; lastKnownFileType = sourcecode.swift; path = MapHeaderTableViewController.swift; sourceTree = "<group>"; };
		F937936665AA486018856A84 /* ArtWork.swift */ = {isa = PBXFileReference; fileEncoding = 4; lastKnownFileType = sourcecode.swift; path = ArtWork.swift; sourceTree = "<group>"; };
/* End PBXFileReference section */

/* Begin PBXFrameworksBuildPhase section */
		652542261C132FD000F80AA1 /* Frameworks */ = {
			isa = PBXFrameworksBuildPhase;
			buildActionMask = 2147483647;
			files = (
				6525423F1C132FFC00F80AA1 /* MapKit.framework in Frameworks */,
			);
			runOnlyForDeploymentPostprocessing = 0;
		};
/* End PBXFrameworksBuildPhase section */

/* Begin PBXGroup section */
		652542201C132FD000F80AA1 = {
			isa = PBXGroup;
			children = (
				65997B881C1B0E9B0011AC2B /* PublicArt.json */,
				6525423E1C132FFC00F80AA1 /* MapKit.framework */,
				6525422B1C132FD000F80AA1 /* learnMapKit */,
				6525422A1C132FD000F80AA1 /* Products */,
			);
			sourceTree = "<group>";
		};
		6525422A1C132FD000F80AA1 /* Products */ = {
			isa = PBXGroup;
			children = (
				652542291C132FD000F80AA1 /* learnMapKit.app */,
			);
			name = Products;
			sourceTree = "<group>";
		};
		6525422B1C132FD000F80AA1 /* learnMapKit */ = {
			isa = PBXGroup;
			children = (
				65997B921C1C07DA0011AC2B /* Protocols */,
				65997B8D1C1C06BD0011AC2B /* Views */,
				65997B8C1C1C06740011AC2B /* Controllers */,
				6525422C1C132FD000F80AA1 /* AppDelegate.swift */,
				652542301C132FD000F80AA1 /* Main.storyboard */,
				652542331C132FD000F80AA1 /* Assets.xcassets */,
				652542351C132FD000F80AA1 /* LaunchScreen.storyboard */,
				652542381C132FD000F80AA1 /* Info.plist */,
				F937936665AA486018856A84 /* ArtWork.swift */,
				65997B861C1B0E1E0011AC2B /* JSON.swift */,
			);
			path = learnMapKit;
			sourceTree = "<group>";
		};
		65997B8C1C1C06740011AC2B /* Controllers */ = {
			isa = PBXGroup;
			children = (
				65997B8A1C1C06700011AC2B /* MapTableViewController.swift */,
				6525422E1C132FD000F80AA1 /* ViewController.swift */,
				65997B981C1C17180011AC2B /* MapHeaderTableViewController.swift */,
			);
			name = Controllers;
			sourceTree = "<group>";
		};
		65997B8D1C1C06BD0011AC2B /* Views */ = {
			isa = PBXGroup;
			children = (
				65997B8E1C1C06D40011AC2B /* MapTableViewCell.swift */,
				65997B901C1C06EF0011AC2B /* NormalTableViewCell.swift */,
			);
			name = Views;
			sourceTree = "<group>";
		};
		65997B921C1C07DA0011AC2B /* Protocols */ = {
			isa = PBXGroup;
			children = (
				65997B931C1C08250011AC2B /* FMKMapViewDelegateProtocol.swift */,
				65997B951C1C09770011AC2B /* FMKMapViewControllerProtocol.swift */,
			);
			name = Protocols;
			sourceTree = "<group>";
		};
/* End PBXGroup section */

/* Begin PBXNativeTarget section */
		652542281C132FD000F80AA1 /* learnMapKit */ = {
			isa = PBXNativeTarget;
			buildConfigurationList = 6525423B1C132FD000F80AA1 /* Build configuration list for PBXNativeTarget "learnMapKit" */;
			buildPhases = (
				652542251C132FD000F80AA1 /* Sources */,
				652542261C132FD000F80AA1 /* Frameworks */,
				652542271C132FD000F80AA1 /* Resources */,
			);
			buildRules = (
			);
			dependencies = (
			);
			name = learnMapKit;
			productName = learnMapKit;
			productReference = 652542291C132FD000F80AA1 /* learnMapKit.app */;
			productType = "com.apple.product-type.application";
		};
/* End PBXNativeTarget section */

/* Begin PBXProject section */
		652542211C132FD000F80AA1 /* Project object */ = {
			isa = PBXProject;
			attributes = {
				LastSwiftUpdateCheck = 0720;
				LastUpgradeCheck = 0720;
				ORGANIZATIONNAME = Bijiabo;
				TargetAttributes = {
					652542281C132FD000F80AA1 = {
						CreatedOnToolsVersion = 7.2;
						SystemCapabilities = {
							com.apple.Maps.iOS = {
								enabled = 1;
							};
						};
					};
				};
			};
			buildConfigurationList = 652542241C132FD000F80AA1 /* Build configuration list for PBXProject "learnMapKit" */;
			compatibilityVersion = "Xcode 3.2";
			developmentRegion = English;
			hasScannedForEncodings = 0;
			knownRegions = (
				en,
				Base,
			);
			mainGroup = 652542201C132FD000F80AA1;
			productRefGroup = 6525422A1C132FD000F80AA1 /* Products */;
			projectDirPath = "";
			projectRoot = "";
			targets = (
				652542281C132FD000F80AA1 /* learnMapKit */,
			);
		};
/* End PBXProject section */

/* Begin PBXResourcesBuildPhase section */
		652542271C132FD000F80AA1 /* Resources */ = {
			isa = PBXResourcesBuildPhase;
			buildActionMask = 2147483647;
			files = (
				65997B891C1B0E9B0011AC2B /* PublicArt.json in Resources */,
				652542371C132FD000F80AA1 /* LaunchScreen.storyboard in Resources */,
				652542341C132FD000F80AA1 /* Assets.xcassets in Resources */,
				652542321C132FD000F80AA1 /* Main.storyboard in Resources */,
			);
			runOnlyForDeploymentPostprocessing = 0;
		};
/* End PBXResourcesBuildPhase section */

/* Begin PBXSourcesBuildPhase section */
		652542251C132FD000F80AA1 /* Sources */ = {
			isa = PBXSourcesBuildPhase;
			buildActionMask = 2147483647;
			files = (
				6525422F1C132FD000F80AA1 /* ViewController.swift in Sources */,
				6525422D1C132FD000F80AA1 /* AppDelegate.swift in Sources */,
				65997B8F1C1C06D40011AC2B /* MapTableViewCell.swift in Sources */,
				65997B911C1C06EF0011AC2B /* NormalTableViewCell.swift in Sources */,
				65997B961C1C09770011AC2B /* FMKMapViewControllerProtocol.swift in Sources */,
				F93799C4FED18861A2ACA6BC /* ArtWork.swift in Sources */,
				65997B8B1C1C06700011AC2B /* MapTableViewController.swift in Sources */,
				65997B991C1C17180011AC2B /* MapHeaderTableViewController.swift in Sources */,
				65997B871C1B0E1E0011AC2B /* JSON.swift in Sources */,
				65997B941C1C08250011AC2B /* FMKMapViewDelegateProtocol.swift in Sources */,
			);
			runOnlyForDeploymentPostprocessing = 0;
		};
/* End PBXSourcesBuildPhase section */

/* Begin PBXVariantGroup section */
		652542301C132FD000F80AA1 /* Main.storyboard */ = {
			isa = PBXVariantGroup;
			children = (
				652542311C132FD000F80AA1 /* Base */,
			);
			name = Main.storyboard;
			sourceTree = "<group>";
		};
		652542351C132FD000F80AA1 /* LaunchScreen.storyboard */ = {
			isa = PBXVariantGroup;
			children = (
				652542361C132FD000F80AA1 /* Base */,
			);
			name = LaunchScreen.storyboard;
			sourceTree = "<group>";
		};
/* End PBXVariantGroup section */

/* Begin XCBuildConfiguration section */
		652542391C132FD000F80AA1 /* Debug */ = {
			isa = XCBuildConfiguration;
			buildSettings = {
				ALWAYS_SEARCH_USER_PATHS = NO;
				CLANG_CXX_LANGUAGE_STANDARD = "gnu++0x";
				CLANG_CXX_LIBRARY = "libc++";
				CLANG_ENABLE_MODULES = YES;
				CLANG_ENABLE_OBJC_ARC = YES;
				CLANG_WARN_BOOL_CONVERSION = YES;
				CLANG_WARN_CONSTANT_CONVERSION = YES;
				CLANG_WARN_DIRECT_OBJC_ISA_USAGE = YES_ERROR;
				CLANG_WARN_EMPTY_BODY = YES;
				CLANG_WARN_ENUM_CONVERSION = YES;
				CLANG_WARN_INT_CONVERSION = YES;
				CLANG_WARN_OBJC_ROOT_CLASS = YES_ERROR;
				CLANG_WARN_UNREACHABLE_CODE = YES;
				CLANG_WARN__DUPLICATE_METHOD_MATCH = YES;
				"CODE_SIGN_IDENTITY[sdk=iphoneos*]" = "iPhone Developer";
				COPY_PHASE_STRIP = NO;
				DEBUG_INFORMATION_FORMAT = dwarf;
				ENABLE_STRICT_OBJC_MSGSEND = YES;
				ENABLE_TESTABILITY = YES;
				GCC_C_LANGUAGE_STANDARD = gnu99;
				GCC_DYNAMIC_NO_PIC = NO;
				GCC_NO_COMMON_BLOCKS = YES;
				GCC_OPTIMIZATION_LEVEL = 0;
				GCC_PREPROCESSOR_DEFINITIONS = (
					"DEBUG=1",
					"$(inherited)",
				);
				GCC_WARN_64_TO_32_BIT_CONVERSION = YES;
				GCC_WARN_ABOUT_RETURN_TYPE = YES_ERROR;
				GCC_WARN_UNDECLARED_SELECTOR = YES;
				GCC_WARN_UNINITIALIZED_AUTOS = YES_AGGRESSIVE;
				GCC_WARN_UNUSED_FUNCTION = YES;
				GCC_WARN_UNUSED_VARIABLE = YES;
				IPHONEOS_DEPLOYMENT_TARGET = 8.0;
				MTL_ENABLE_DEBUG_INFO = YES;
				ONLY_ACTIVE_ARCH = YES;
				SDKROOT = iphoneos;
				SWIFT_OPTIMIZATION_LEVEL = "-Onone";
			};
			name = Debug;
		};
		6525423A1C132FD000F80AA1 /* Release */ = {
			isa = XCBuildConfiguration;
			buildSettings = {
				ALWAYS_SEARCH_USER_PATHS = NO;
				CLANG_CXX_LANGUAGE_STANDARD = "gnu++0x";
				CLANG_CXX_LIBRARY = "libc++";
				CLANG_ENABLE_MODULES = YES;
				CLANG_ENABLE_OBJC_ARC = YES;
				CLANG_WARN_BOOL_CONVERSION = YES;
				CLANG_WARN_CONSTANT_CONVERSION = YES;
				CLANG_WARN_DIRECT_OBJC_ISA_USAGE = YES_ERROR;
				CLANG_WARN_EMPTY_BODY = YES;
				CLANG_WARN_ENUM_CONVERSION = YES;
				CLANG_WARN_INT_CONVERSION = YES;
				CLANG_WARN_OBJC_ROOT_CLASS = YES_ERROR;
				CLANG_WARN_UNREACHABLE_CODE = YES;
				CLANG_WARN__DUPLICATE_METHOD_MATCH = YES;
				"CODE_SIGN_IDENTITY[sdk=iphoneos*]" = "iPhone Developer";
				COPY_PHASE_STRIP = NO;
				DEBUG_INFORMATION_FORMAT = "dwarf-with-dsym";
				ENABLE_NS_ASSERTIONS = NO;
				ENABLE_STRICT_OBJC_MSGSEND = YES;
				GCC_C_LANGUAGE_STANDARD = gnu99;
				GCC_NO_COMMON_BLOCKS = YES;
				GCC_WARN_64_TO_32_BIT_CONVERSION = YES;
				GCC_WARN_ABOUT_RETURN_TYPE = YES_ERROR;
				GCC_WARN_UNDECLARED_SELECTOR = YES;
				GCC_WARN_UNINITIALIZED_AUTOS = YES_AGGRESSIVE;
				GCC_WARN_UNUSED_FUNCTION = YES;
				GCC_WARN_UNUSED_VARIABLE = YES;
				IPHONEOS_DEPLOYMENT_TARGET = 8.0;
				MTL_ENABLE_DEBUG_INFO = NO;
				SDKROOT = iphoneos;
				VALIDATE_PRODUCT = YES;
			};
			name = Release;
		};
		6525423C1C132FD000F80AA1 /* Debug */ = {
			isa = XCBuildConfiguration;
			buildSettings = {
				ASSETCATALOG_COMPILER_APPICON_NAME = AppIcon;
				INFOPLIST_FILE = learnMapKit/Info.plist;
				LD_RUNPATH_SEARCH_PATHS = "$(inherited) @executable_path/Frameworks";
				PRODUCT_BUNDLE_IDENTIFIER = com.bijiabo.learnMapKit;
				PRODUCT_NAME = "$(TARGET_NAME)";
			};
			name = Debug;
		};
		6525423D1C132FD000F80AA1 /* Release */ = {
			isa = XCBuildConfiguration;
			buildSettings = {
				ASSETCATALOG_COMPILER_APPICON_NAME = AppIcon;
				INFOPLIST_FILE = learnMapKit/Info.plist;
				LD_RUNPATH_SEARCH_PATHS = "$(inherited) @executable_path/Frameworks";
				PRODUCT_BUNDLE_IDENTIFIER = com.bijiabo.learnMapKit;
				PRODUCT_NAME = "$(TARGET_NAME)";
			};
			name = Release;
		};
/* End XCBuildConfiguration section */

/* Begin XCConfigurationList section */
		652542241C132FD000F80AA1 /* Build configuration list for PBXProject "learnMapKit" */ = {
			isa = XCConfigurationList;
			buildConfigurations = (
				652542391C132FD000F80AA1 /* Debug */,
				6525423A1C132FD000F80AA1 /* Release */,
			);
			defaultConfigurationIsVisible = 0;
			defaultConfigurationName = Release;
		};
		6525423B1C132FD000F80AA1 /* Build configuration list for PBXNativeTarget "learnMapKit" */ = {
			isa = XCConfigurationList;
			buildConfigurations = (
				6525423C1C132FD000F80AA1 /* Debug */,
				6525423D1C132FD000F80AA1 /* Release */,
			);
			defaultConfigurationIsVisible = 0;
			defaultConfigurationName = Release;
		};
/* End XCConfigurationList section */
	};
	rootObject = 652542211C132FD000F80AA1 /* Project object */;
}
